{
    "_readme": [
        "This file locks the dependencies of your project to a known state",
        "Read more about it at https://getcomposer.org/doc/01-basic-usage.md#composer-lock-the-lock-file",
        "This file is @generated automatically"
    ],
    "hash": "4ee0c4f52e3732857d34303a6e2dfbd7",
    "content-hash": "f0298bc06a66d4ca8323e79519d4b823",
    "packages": [
        {
            "name": "albertmorenodev/server-info",
            "version": "dev-master",
            "source": {
                "type": "git",
                "url": "https://github.com/AlbertMorenoDEV/server-info.git",
                "reference": "474a2f4e7170196566ba27bdc710701efd52460f"
            },
            "dist": {
                "type": "zip",
                "url": "https://api.github.com/repos/AlbertMorenoDEV/server-info/zipball/474a2f4e7170196566ba27bdc710701efd52460f",
                "reference": "474a2f4e7170196566ba27bdc710701efd52460f",
                "shasum": ""
            },
            "require": {
                "php": ">=5.3.0"
            },
            "type": "library",
            "autoload": {
                "psr-0": {
                    "ServerInfo": "src/"
                }
            },
            "notification-url": "https://packagist.org/downloads/",
            "license": [
                "MIT"
            ],
            "authors": [
                {
                    "name": "Albert Moreno",
                    "email": "albert.moreno.dev@gmail.com"
                }
            ],
            "description": "Get information of server",
            "time": "2016-10-16 13:56:14"
        }
    ],
    "packages-dev": [],
    "aliases": [],
    "minimum-stability": "dev",
    "stability-flags": {
        "albertmorenodev/server-info": 20
    },
    "prefer-stable": false,
    "prefer-lowest": false,
    "platform": [],
    "platform-dev": []
}
