{
    "_readme": [
        "This file locks the dependencies of your project to a known state",
        "Read more about it at https://getcomposer.org/doc/01-basic-usage.md#composer-lock-the-lock-file",
        "This file is @generated automatically"
    ],
    "hash": "6a3da671800bcd3312e2d5463bb7df8c",
    "content-hash": "70a79d4acf9890c8514377e919327b3d",
    "packages": [
        {
            "name": "albertmorenodev/server-info",
            "version": "dev-master",
            "source": {
                "type": "git",
                "url": "https://github.com/AlbertMorenoDEV/server-info.git",
                "reference": "460dec73598e67c2bcdf1f81f224aaec77b62072"
            },
            "dist": {
                "type": "zip",
                "url": "https://api.github.com/repos/AlbertMorenoDEV/server-info/zipball/460dec73598e67c2bcdf1f81f224aaec77b62072",
                "reference": "460dec73598e67c2bcdf1f81f224aaec77b62072",
                "shasum": ""
            },
            "require": {
                "php": ">=5.3.0"
            },
            "type": "library",
            "autoload": {
                "psr-0": {
                    "ServerInfo": "src/"
                }
            },
            "notification-url": "https://packagist.org/downloads/",
            "license": [
                "MIT"
            ],
            "authors": [
                {
                    "name": "Albert Moreno",
                    "email": "albert.moreno.dev@gmail.com"
                }
            ],
            "description": "Get information of server",
            "time": "2016-10-16 14:29:50"
        },
        {
            "name": "twbs/bootstrap",
            "version": "dev-master",
            "source": {
                "type": "git",
                "url": "https://github.com/twbs/bootstrap.git",
                "reference": "9b7d1406b922300c5d01e99026e4fffc67445185"
            },
            "dist": {
                "type": "zip",
                "url": "https://api.github.com/repos/twbs/bootstrap/zipball/9b7d1406b922300c5d01e99026e4fffc67445185",
                "reference": "9b7d1406b922300c5d01e99026e4fffc67445185",
                "shasum": ""
            },
            "replace": {
                "twitter/bootstrap": "self.version"
            },
            "type": "library",
            "extra": {
                "branch-alias": {
                    "dev-master": "3.3.x-dev"
                }
            },
            "notification-url": "https://packagist.org/downloads/",
            "license": [
                "MIT"
            ],
            "authors": [
                {
                    "name": "Jacob Thornton",
                    "email": "jacobthornton@gmail.com"
                },
                {
                    "name": "Mark Otto",
                    "email": "markdotto@gmail.com"
                }
            ],
            "description": "The most popular front-end framework for developing responsive, mobile first projects on the web.",
            "homepage": "http://getbootstrap.com",
            "keywords": [
                "JS",
                "css",
                "framework",
                "front-end",
                "less",
                "mobile-first",
                "responsive",
                "web"
            ],
            "time": "2016-09-22 10:06:30"
        }
    ],
    "packages-dev": [],
    "aliases": [],
    "minimum-stability": "dev",
    "stability-flags": {
        "albertmorenodev/server-info": 20
    },
    "prefer-stable": false,
    "prefer-lowest": false,
    "platform": [],
    "platform-dev": []
}
